{
    "_meta": {
        "hash": {
            "sha256": "920b71026c16082b277be2367138441fbf706b0b1be66b0ded5833c50bd1d9ce"
        },
        "pipfile-spec": 6,
        "requires": {
            "python_version": "3.9"
        },
        "sources": [
            {
                "name": "pypi",
                "url": "https://pypi.org/simple",
                "verify_ssl": true
            }
        ]
    },
    "default": {
        "cython": {
            "hashes": [
                "sha256:105d813eedf276588a02a240ece2f7bca8235aee9bb48e25293410c3c1ac7230",
                "sha256:15b2ba47858d7949a036d4ba6e838120bf3c06983769e99d12867a2c8cd0cd91",
                "sha256:182e78d75515e3d50f31cfde501fbf2af7ee0698e8149f41048db5d3c98ffc8f",
                "sha256:3ce10572a6b7fd5baa755f11cdf09830ae518e6f837aa38c31ec534b1f874fd4",
                "sha256:40a87c9ecd0b1b485804c70b16427e88bd07bff9f270d022d872869ff4d6ac6e",
                "sha256:59c950513c485f1e8da0e04a2a91f71508c5e98b6912ce66588c6aee72d8e4d1",
                "sha256:5cc5e72a106d7abc12b6e58883c914bce0b2031df6035014094a15593052db12",
                "sha256:6609babc68d37bb92a1b85ebd867405f720aeb2a6af946f6bd7f71b22dbb91cf",
                "sha256:667b169c89c4b8eb79d35822508ed8d77b9421af085142fad20bfef775a295d2",
                "sha256:7265abb33f154663a052c47213b978ec703f89a938bca38f425f25d4e8ba2211",
                "sha256:761b965b5abcea072ba642dbb740e44532bc88618f34b605c05de1d6088b1cdd",
                "sha256:88bebb8803adac0b64426fd261752925e8bf301b1986078e9506670bcbb5307f",
                "sha256:92c028e0d4ac9e32b2cf6c970f7f6c5c3aaa87f011798201ef56746705a8f01a",
                "sha256:97511722515b66851d3f77d64b1970a97e5114c4007efd5a0a307936e156a24c",
                "sha256:a6f5bf7fece95dd62ba13a9edb7d3ecc1a9097e6f0fde78c5fad763163157472",
                "sha256:a8aee32da407f215652959fc6568277cfd35a24714a5238c8a9778bf34d91ace",
                "sha256:ab4c34d8693a62f1b8261a131784a3db397ceaa03ea90a5799574623acaa2c2c",
                "sha256:af646d37e23fc3ba217c587096fac4e57006d8173d2a2365763287071e0eec2d",
                "sha256:b53c9d7b545c70f462408000affdd330cb87d05f83a58a9ccd72d19c8df80d56",
                "sha256:ba7f34e07ca0d1ce4ba8d9e3da6d2eb0b1ac6cb9896d2c821b28a9ac9504bcfe",
                "sha256:bbc48be45ee9eba2d0268bf616220cfb46d998ad85524f3cf752d55eb6dd3379",
                "sha256:c4f2c8cceffd8403468b542570826174564fe2c6549dd199a75c13720add4981",
                "sha256:d73a4851d1dbdcc70e619ccb104877d5e523d0fc5aef6fb6fbba4344c1f60cae",
                "sha256:d76feb00f754d86e6d48f39b59a4e9a8fcfed1e6e3e433d18e3677ff19ff2911",
                "sha256:dc42b78b62815abea19a37d186011cca57f72ec509f56fa6c43a71b2e8c6a24f",
                "sha256:df6b83c7a6d1d967ea89a2903e4a931377634a297459652e4551734c48195406",
                "sha256:e8c84ad389b3f36433e1be88dd7a1e36db4ab5b4848f5899cbd0a1cdc443b925",
                "sha256:f5f57b2e13cc3aa95526145ffa551df529f04bf5d137c59350e7accff9362dc0",
                "sha256:f7064df99094b4fd09c9ebcca6c94a652fac04c7dce514a4f2ab6ce23fcd0ba4",
                "sha256:f89c19480d137026f04a34cbd54ab0fb328b29005c91d3a36d06b9c4710152c1",
                "sha256:fedecbd2ad6535e30dd3b43ca9b493a1930d5167257a3fb60687bd425f6fdc54"
            ],
            "index": "pypi",
            "version": "==0.29.22"
        }
    },
    "develop": {
        "backcall": {
            "hashes": [
                "sha256:5cbdbf27be5e7cfadb448baf0aa95508f91f2bbc6c6437cd9cd06e2a4c215e1e",
                "sha256:fbbce6a29f263178a1f7915c1940bde0ec2b2a967566fe1c65c1dfb7422bd255"
            ],
            "version": "==0.2.0"
        },
        "decorator": {
            "hashes": [
                "sha256:acda948ffcfe4bd0c4a57834b74ad968b91925b8201b740ca9d46fb8c5c618ce",
                "sha256:b7157d62ea3c2c0c57b81a05e4569853e976a3dda5dd7a1cb86be78978c3c5f8"
            ],
            "markers": "python_version >= '3.5'",
            "version": "==5.0.5"
        },
        "ipython": {
            "hashes": [
                "sha256:9c900332d4c5a6de534b4befeeb7de44ad0cc42e8327fa41b7685abde58cec74",
                "sha256:c0ce02dfaa5f854809ab7413c601c4543846d9da81010258ecdab299b542d199"
            ],
            "index": "pypi",
            "version": "==7.22.0"
        },
        "ipython-genutils": {
            "hashes": [
                "sha256:72dd37233799e619666c9f639a9da83c34013a73e8bbc79a7a6348d93c61fab8",
                "sha256:eb2e116e75ecef9d4d228fdc66af54269afa26ab4463042e33785b887c628ba8"
            ],
            "version": "==0.2.0"
        },
        "jedi": {
            "hashes": [
                "sha256:18456d83f65f400ab0c2d3319e48520420ef43b23a086fdc05dff34132f0fb93",
                "sha256:92550a404bad8afed881a137ec9a461fed49eca661414be45059329614ed0707"
            ],
            "markers": "python_version >= '3.6'",
            "version": "==0.18.0"
        },
        "parso": {
            "hashes": [
                "sha256:12b83492c6239ce32ff5eed6d3639d6a536170723c6f3f1506869f1ace413398",
                "sha256:a8c4922db71e4fdb90e0d0bc6e50f9b273d3397925e5e60a717e719201778d22"
            ],
            "markers": "python_version >= '3.6'",
            "version": "==0.8.2"
        },
        "pexpect": {
            "hashes": [
                "sha256:0b48a55dcb3c05f3329815901ea4fc1537514d6ba867a152b581d69ae3710937",
                "sha256:fc65a43959d153d0114afe13997d439c22823a27cefceb5ff35c2178c6784c0c"
            ],
            "markers": "sys_platform != 'win32'",
            "version": "==4.8.0"
        },
        "pickleshare": {
            "hashes": [
                "sha256:87683d47965c1da65cdacaf31c8441d12b8044cdec9aca500cd78fc2c683afca",
                "sha256:9649af414d74d4df115d5d718f82acb59c9d418196b7b4290ed47a12ce62df56"
            ],
            "version": "==0.7.5"
        },
        "prompt-toolkit": {
            "hashes": [
                "sha256:bf00f22079f5fadc949f42ae8ff7f05702826a97059ffcc6281036ad40ac6f04",
                "sha256:e1b4f11b9336a28fa11810bc623c357420f69dfdb6d2dac41ca2c21a55c033bc"
            ],
            "markers": "python_full_version >= '3.6.1'",
            "version": "==3.0.18"
        },
        "ptyprocess": {
            "hashes": [
                "sha256:4b41f3967fce3af57cc7e94b888626c18bf37a083e3651ca8feeb66d492fef35",
                "sha256:5c5d0a3b48ceee0b48485e0c26037c0acd7d29765ca3fbb5cb3831d347423220"
            ],
            "version": "==0.7.0"
        },
        "pygments": {
            "hashes": [
                "sha256:2656e1a6edcdabf4275f9a3640db59fd5de107d88e8663c5d4e9a0fa62f77f94",
                "sha256:534ef71d539ae97d4c3a4cf7d6f110f214b0e687e92f9cb9d2a3b0d3101289c8"
            ],
            "markers": "python_version >= '3.5'",
            "version": "==2.8.1"
        },
        "traitlets": {
            "hashes": [
                "sha256:178f4ce988f69189f7e523337a3e11d91c786ded9360174a3d9ca83e79bc5396",
                "sha256:69ff3f9d5351f31a7ad80443c2674b7099df13cc41fc5fa6e2f6d3b0330b0426"
            ],
            "markers": "python_version >= '3.7'",
            "version": "==5.0.5"
        },
        "wcwidth": {
            "hashes": [
                "sha256:beb4802a9cebb9144e99086eff703a642a13d6a0052920003a230f3294bbe784",
                "sha256:c4d647b99872929fdb7bdcaa4fbe7f01413ed3d98077df798530e5b04f116c83"
            ],
            "version": "==0.2.5"
        }
    }
}
